schema: '2.0'
stages:
  train_model:
    cmd: python src/train.py
    deps:
    - path: data/dataset.csv
      hash: md5
      md5: f2906818eda8fcfc8f8416557ab1e6df
      size: 23873
    - path: src/train.py
      hash: md5
      md5: 16a28ace694c51102f17a51194b709f2
      size: 682
    outs:
    - path: models/model.pkl
      hash: md5
      md5: 630059e1a0c739531b5554794f98ebd6
      size: 1279
